
Microsoft Visual Studio Solution File, Format Version 12.00
# Visual Studio Version 16
VisualStudioVersion = 16.0.28803.156
MinimumVisualStudioVersion = 10.0.40219.1
Project("{FAE04EC0-301F-11D3-BF4B-00C04F79EFBC}") = "String", "String\String.csproj", "{9C0A5D01-BBAF-4FEA-884E-8FC2E0E381F7}"
EndProject
Global
	GlobalSection(SolutionConfigurationPlatforms) = preSolution
		Debug|Any CPU = Debug|Any CPU
		Release|Any CPU = Release|Any CPU
	EndGlobalSection
	GlobalSection(ProjectConfigurationPlatforms) = postSolution
		{9C0A5D01-BBAF-4FEA-884E-8FC2E0E381F7}.Debug|Any CPU.ActiveCfg = Debug|Any CPU
		{9C0A5D01-BBAF-4FEA-884E-8FC2E0E381F7}.Debug|Any CPU.Build.0 = Debug|Any CPU
		{9C0A5D01-BBAF-4FEA-884E-8FC2E0E381F7}.Release|Any CPU.ActiveCfg = Release|Any CPU
		{9C0A5D01-BBAF-4FEA-884E-8FC2E0E381F7}.Release|Any CPU.Build.0 = Release|Any CPU
	EndGlobalSection
	GlobalSection(SolutionProperties) = preSolution
		HideSolutionNode = FALSE
	EndGlobalSection
	GlobalSection(ExtensibilityGlobals) = postSolution
		SolutionGuid = {85F5F732-EF03-4589-BEF5-B485907571DA}
	EndGlobalSection
EndGlobal
